// !$*UTF8*$!
{
	archiveVersion = 1;
	classes = {
	};
	objectVersion = 56;
	objects = {

/* Begin PBXBuildFile section */
		1E51F5B52ACEBF9B0018E83B /* water_trackerApp.swift in Sources */ = {isa = PBXBuildFile; fileRef = 1E51F5B42ACEBF9B0018E83B /* water_trackerApp.swift */; };
		1E51F5B72ACEBF9B0018E83B /* ContentView.swift in Sources */ = {isa = PBXBuildFile; fileRef = 1E51F5B62ACEBF9B0018E83B /* ContentView.swift */; };
		1E51F5B92ACEBF9D0018E83B /* Assets.xcassets in Resources */ = {isa = PBXBuildFile; fileRef = 1E51F5B82ACEBF9D0018E83B /* Assets.xcassets */; };
		1E51F5BC2ACEBF9D0018E83B /* Preview Assets.xcassets in Resources */ = {isa = PBXBuildFile; fileRef = 1E51F5BB2ACEBF9D0018E83B /* Preview Assets.xcassets */; };
		1E51F5C62ACEBF9D0018E83B /* water_trackerTests.swift in Sources */ = {isa = PBXBuildFile; fileRef = 1E51F5C52ACEBF9D0018E83B /* water_trackerTests.swift */; };
		1E51F5D02ACEBF9D0018E83B /* water_trackerUITests.swift in Sources */ = {isa = PBXBuildFile; fileRef = 1E51F5CF2ACEBF9D0018E83B /* water_trackerUITests.swift */; };
		1E51F5D22ACEBF9D0018E83B /* water_trackerUITestsLaunchTests.swift in Sources */ = {isa = PBXBuildFile; fileRef = 1E51F5D12ACEBF9D0018E83B /* water_trackerUITestsLaunchTests.swift */; };
/* End PBXBuildFile section */

/* Begin PBXContainerItemProxy section */
		1E51F5C22ACEBF9D0018E83B /* PBXContainerItemProxy */ = {
			isa = PBXContainerItemProxy;
			containerPortal = 1E51F5A92ACEBF9B0018E83B /* Project object */;
			proxyType = 1;
			remoteGlobalIDString = 1E51F5B02ACEBF9B0018E83B;
			remoteInfo = "water tracker";
		};
		1E51F5CC2ACEBF9D0018E83B /* PBXContainerItemProxy */ = {
			isa = PBXContainerItemProxy;
			containerPortal = 1E51F5A92ACEBF9B0018E83B /* Project object */;
			proxyType = 1;
			remoteGlobalIDString = 1E51F5B02ACEBF9B0018E83B;
			remoteInfo = "water tracker";
		};
/* End PBXContainerItemProxy section */

/* Begin PBXFileReference section */
		1E51F5B12ACEBF9B0018E83B /* water tracker.app */ = {isa = PBXFileReference; explicitFileType = wrapper.application; includeInIndex = 0; path = "water tracker.app"; sourceTree = BUILT_PRODUCTS_DIR; };
		1E51F5B42ACEBF9B0018E83B /* water_trackerApp.swift */ = {isa = PBXFileReference; lastKnownFileType = sourcecode.swift; path = water_trackerApp.swift; sourceTree = "<group>"; };
		1E51F5B62ACEBF9B0018E83B /* ContentView.swift */ = {isa = PBXFileReference; lastKnownFileType = sourcecode.swift; path = ContentView.swift; sourceTree = "<group>"; };
		1E51F5B82ACEBF9D0018E83B /* Assets.xcassets */ = {isa = PBXFileReference; lastKnownFileType = folder.assetcatalog; path = Assets.xcassets; sourceTree = "<group>"; };
		1E51F5BB2ACEBF9D0018E83B /* Preview Assets.xcassets */ = {isa = PBXFileReference; lastKnownFileType = folder.assetcatalog; path = "Preview Assets.xcassets"; sourceTree = "<group>"; };
		1E51F5C12ACEBF9D0018E83B /* water trackerTests.xctest */ = {isa = PBXFileReference; explicitFileType = wrapper.cfbundle; includeInIndex = 0; path = "water trackerTests.xctest"; sourceTree = BUILT_PRODUCTS_DIR; };
		1E51F5C52ACEBF9D0018E83B /* water_trackerTests.swift */ = {isa = PBXFileReference; lastKnownFileType = sourcecode.swift; path = water_trackerTests.swift; sourceTree = "<group>"; };
		1E51F5CB2ACEBF9D0018E83B /* water trackerUITests.xctest */ = {isa = PBXFileReference; explicitFileType = wrapper.cfbundle; includeInIndex = 0; path = "water trackerUITests.xctest"; sourceTree = BUILT_PRODUCTS_DIR; };
		1E51F5CF2ACEBF9D0018E83B /* water_trackerUITests.swift */ = {isa = PBXFileReference; lastKnownFileType = sourcecode.swift; path = water_trackerUITests.swift; sourceTree = "<group>"; };
		1E51F5D12ACEBF9D0018E83B /* water_trackerUITestsLaunchTests.swift */ = {isa = PBXFileReference; lastKnownFileType = sourcecode.swift; path = water_trackerUITestsLaunchTests.swift; sourceTree = "<group>"; };
/* End PBXFileReference section */

/* Begin PBXFrameworksBuildPhase section */
		1E51F5AE2ACEBF9B0018E83B /* Frameworks */ = {
			isa = PBXFrameworksBuildPhase;
			buildActionMask = 2147483647;
			files = (
			);
			runOnlyForDeploymentPostprocessing = 0;
		};
		1E51F5BE2ACEBF9D0018E83B /* Frameworks */ = {
			isa = PBXFrameworksBuildPhase;
			buildActionMask = 2147483647;
			files = (
			);
			runOnlyForDeploymentPostprocessing = 0;
		};
		1E51F5C82ACEBF9D0018E83B /* Frameworks */ = {
			isa = PBXFrameworksBuildPhase;
			buildActionMask = 2147483647;
			files = (
			);
			runOnlyForDeploymentPostprocessing = 0;
		};
/* End PBXFrameworksBuildPhase section */

/* Begin PBXGroup section */
		1E51F5A82ACEBF9B0018E83B = {
			isa = PBXGroup;
			children = (
				1E51F5B32ACEBF9B0018E83B /* water tracker */,
				1E51F5C42ACEBF9D0018E83B /* water trackerTests */,
				1E51F5CE2ACEBF9D0018E83B /* water trackerUITests */,
				1E51F5B22ACEBF9B0018E83B /* Products */,
			);
			sourceTree = "<group>";
		};
		1E51F5B22ACEBF9B0018E83B /* Products */ = {
			isa = PBXGroup;
			children = (
				1E51F5B12ACEBF9B0018E83B /* water tracker.app */,
				1E51F5C12ACEBF9D0018E83B /* water trackerTests.xctest */,
				1E51F5CB2ACEBF9D0018E83B /* water trackerUITests.xctest */,
			);
			name = Products;
			sourceTree = "<group>";
		};
		1E51F5B32ACEBF9B0018E83B /* water tracker */ = {
			isa = PBXGroup;
			children = (
				1E51F5B42ACEBF9B0018E83B /* water_trackerApp.swift */,
				1E51F5B62ACEBF9B0018E83B /* ContentView.swift */,
				1E51F5B82ACEBF9D0018E83B /* Assets.xcassets */,
				1E51F5BA2ACEBF9D0018E83B /* Preview Content */,
			);
			path = "water tracker";
			sourceTree = "<group>";
		};
		1E51F5BA2ACEBF9D0018E83B /* Preview Content */ = {
			isa = PBXGroup;
			children = (
				1E51F5BB2ACEBF9D0018E83B /* Preview Assets.xcassets */,
			);
			path = "Preview Content";
			sourceTree = "<group>";
		};
		1E51F5C42ACEBF9D0018E83B /* water trackerTests */ = {
			isa = PBXGroup;
			children = (
				1E51F5C52ACEBF9D0018E83B /* water_trackerTests.swift */,
			);
			path = "water trackerTests";
			sourceTree = "<group>";
		};
		1E51F5CE2ACEBF9D0018E83B /* water trackerUITests */ = {
			isa = PBXGroup;
			children = (
				1E51F5CF2ACEBF9D0018E83B /* water_trackerUITests.swift */,
				1E51F5D12ACEBF9D0018E83B /* water_trackerUITestsLaunchTests.swift */,
			);
			path = "water trackerUITests";
			sourceTree = "<group>";
		};
/* End PBXGroup section */

/* Begin PBXNativeTarget section */
		1E51F5B02ACEBF9B0018E83B /* water tracker */ = {
			isa = PBXNativeTarget;
			buildConfigurationList = 1E51F5D52ACEBF9D0018E83B /* Build configuration list for PBXNativeTarget "water tracker" */;
			buildPhases = (
				1E51F5AD2ACEBF9B0018E83B /* Sources */,
				1E51F5AE2ACEBF9B0018E83B /* Frameworks */,
				1E51F5AF2ACEBF9B0018E83B /* Resources */,
			);
			buildRules = (
			);
			dependencies = (
			);
			name = "water tracker";
			productName = "water tracker";
			productReference = 1E51F5B12ACEBF9B0018E83B /* water tracker.app */;
			productType = "com.apple.product-type.application";
		};
		1E51F5C02ACEBF9D0018E83B /* water trackerTests */ = {
			isa = PBXNativeTarget;
			buildConfigurationList = 1E51F5D82ACEBF9D0018E83B /* Build configuration list for PBXNativeTarget "water trackerTests" */;
			buildPhases = (
				1E51F5BD2ACEBF9D0018E83B /* Sources */,
				1E51F5BE2ACEBF9D0018E83B /* Frameworks */,
				1E51F5BF2ACEBF9D0018E83B /* Resources */,
			);
			buildRules = (
			);
			dependencies = (
				1E51F5C32ACEBF9D0018E83B /* PBXTargetDependency */,
			);
			name = "water trackerTests";
			productName = "water trackerTests";
			productReference = 1E51F5C12ACEBF9D0018E83B /* water trackerTests.xctest */;
			productType = "com.apple.product-type.bundle.unit-test";
		};
		1E51F5CA2ACEBF9D0018E83B /* water trackerUITests */ = {
			isa = PBXNativeTarget;
			buildConfigurationList = 1E51F5DB2ACEBF9D0018E83B /* Build configuration list for PBXNativeTarget "water trackerUITests" */;
			buildPhases = (
				1E51F5C72ACEBF9D0018E83B /* Sources */,
				1E51F5C82ACEBF9D0018E83B /* Frameworks */,
				1E51F5C92ACEBF9D0018E83B /* Resources */,
			);
			buildRules = (
			);
			dependencies = (
				1E51F5CD2ACEBF9D0018E83B /* PBXTargetDependency */,
			);
			name = "water trackerUITests";
			productName = "water trackerUITests";
			productReference = 1E51F5CB2ACEBF9D0018E83B /* water trackerUITests.xctest */;
			productType = "com.apple.product-type.bundle.ui-testing";
		};
/* End PBXNativeTarget section */

/* Begin PBXProject section */
		1E51F5A92ACEBF9B0018E83B /* Project object */ = {
			isa = PBXProject;
			attributes = {
				BuildIndependentTargetsInParallel = 1;
				LastSwiftUpdateCheck = 1500;
				LastUpgradeCheck = 1500;
				TargetAttributes = {
					1E51F5B02ACEBF9B0018E83B = {
						CreatedOnToolsVersion = 15.0;
					};
					1E51F5C02ACEBF9D0018E83B = {
						CreatedOnToolsVersion = 15.0;
						TestTargetID = 1E51F5B02ACEBF9B0018E83B;
					};
					1E51F5CA2ACEBF9D0018E83B = {
						CreatedOnToolsVersion = 15.0;
						TestTargetID = 1E51F5B02ACEBF9B0018E83B;
					};
				};
			};
			buildConfigurationList = 1E51F5AC2ACEBF9B0018E83B /* Build configuration list for PBXProject "water tracker" */;
			compatibilityVersion = "Xcode 14.0";
			developmentRegion = en;
			hasScannedForEncodings = 0;
			knownRegions = (
				en,
				Base,
			);
			mainGroup = 1E51F5A82ACEBF9B0018E83B;
			productRefGroup = 1E51F5B22ACEBF9B0018E83B /* Products */;
			projectDirPath = "";
			projectRoot = "";
			targets = (
				1E51F5B02ACEBF9B0018E83B /* water tracker */,
				1E51F5C02ACEBF9D0018E83B /* water trackerTests */,
				1E51F5CA2ACEBF9D0018E83B /* water trackerUITests */,
			);
		};
/* End PBXProject section */

/* Begin PBXResourcesBuildPhase section */
		1E51F5AF2ACEBF9B0018E83B /* Resources */ = {
			isa = PBXResourcesBuildPhase;
			buildActionMask = 2147483647;
			files = (
				1E51F5BC2ACEBF9D0018E83B /* Preview Assets.xcassets in Resources */,
				1E51F5B92ACEBF9D0018E83B /* Assets.xcassets in Resources */,
			);
			runOnlyForDeploymentPostprocessing = 0;
		};
		1E51F5BF2ACEBF9D0018E83B /* Resources */ = {
			isa = PBXResourcesBuildPhase;
			buildActionMask = 2147483647;
			files = (
			);
			runOnlyForDeploymentPostprocessing = 0;
		};
		1E51F5C92ACEBF9D0018E83B /* Resources */ = {
			isa = PBXResourcesBuildPhase;
			buildActionMask = 2147483647;
			files = (
			);
			runOnlyForDeploymentPostprocessing = 0;
		};
/* End PBXResourcesBuildPhase section */

/* Begin PBXSourcesBuildPhase section */
		1E51F5AD2ACEBF9B0018E83B /* Sources */ = {
			isa = PBXSourcesBuildPhase;
			buildActionMask = 2147483647;
			files = (
				1E51F5B72ACEBF9B0018E83B /* ContentView.swift in Sources */,
				1E51F5B52ACEBF9B0018E83B /* water_trackerApp.swift in Sources */,
			);
			runOnlyForDeploymentPostprocessing = 0;
		};
		1E51F5BD2ACEBF9D0018E83B /* Sources */ = {
			isa = PBXSourcesBuildPhase;
			buildActionMask = 2147483647;
			files = (
				1E51F5C62ACEBF9D0018E83B /* water_trackerTests.swift in Sources */,
			);
			runOnlyForDeploymentPostprocessing = 0;
		};
		1E51F5C72ACEBF9D0018E83B /* Sources */ = {
			isa = PBXSourcesBuildPhase;
			buildActionMask = 2147483647;
			files = (
				1E51F5D02ACEBF9D0018E83B /* water_trackerUITests.swift in Sources */,
				1E51F5D22ACEBF9D0018E83B /* water_trackerUITestsLaunchTests.swift in Sources */,
			);
			runOnlyForDeploymentPostprocessing = 0;
		};
/* End PBXSourcesBuildPhase section */

/* Begin PBXTargetDependency section */
		1E51F5C32ACEBF9D0018E83B /* PBXTargetDependency */ = {
			isa = PBXTargetDependency;
			target = 1E51F5B02ACEBF9B0018E83B /* water tracker */;
			targetProxy = 1E51F5C22ACEBF9D0018E83B /* PBXContainerItemProxy */;
		};
		1E51F5CD2ACEBF9D0018E83B /* PBXTargetDependency */ = {
			isa = PBXTargetDependency;
			target = 1E51F5B02ACEBF9B0018E83B /* water tracker */;
			targetProxy = 1E51F5CC2ACEBF9D0018E83B /* PBXContainerItemProxy */;
		};
/* End PBXTargetDependency section */

/* Begin XCBuildConfiguration section */
		1E51F5D32ACEBF9D0018E83B /* Debug */ = {
			isa = XCBuildConfiguration;
			buildSettings = {
				ALWAYS_SEARCH_USER_PATHS = NO;
				ASSETCATALOG_COMPILER_GENERATE_SWIFT_ASSET_SYMBOL_EXTENSIONS = YES;
				CLANG_ANALYZER_NONNULL = YES;
				CLANG_ANALYZER_NUMBER_OBJECT_CONVERSION = YES_AGGRESSIVE;
				CLANG_CXX_LANGUAGE_STANDARD = "gnu++20";
				CLANG_ENABLE_MODULES = YES;
				CLANG_ENABLE_OBJC_ARC = YES;
				CLANG_ENABLE_OBJC_WEAK = YES;
				CLANG_WARN_BLOCK_CAPTURE_AUTORELEASING = YES;
				CLANG_WARN_BOOL_CONVERSION = YES;
				CLANG_WARN_COMMA = YES;
				CLANG_WARN_CONSTANT_CONVERSION = YES;
				CLANG_WARN_DEPRECATED_OBJC_IMPLEMENTATIONS = YES;
				CLANG_WARN_DIRECT_OBJC_ISA_USAGE = YES_ERROR;
				CLANG_WARN_DOCUMENTATION_COMMENTS = YES;
				CLANG_WARN_EMPTY_BODY = YES;
				CLANG_WARN_ENUM_CONVERSION = YES;
				CLANG_WARN_INFINITE_RECURSION = YES;
				CLANG_WARN_INT_CONVERSION = YES;
				CLANG_WARN_NON_LITERAL_NULL_CONVERSION = YES;
				CLANG_WARN_OBJC_IMPLICIT_RETAIN_SELF = YES;
				CLANG_WARN_OBJC_LITERAL_CONVERSION = YES;
				CLANG_WARN_OBJC_ROOT_CLASS = YES_ERROR;
				CLANG_WARN_QUOTED_INCLUDE_IN_FRAMEWORK_HEADER = YES;
				CLANG_WARN_RANGE_LOOP_ANALYSIS = YES;
				CLANG_WARN_STRICT_PROTOTYPES = YES;
				CLANG_WARN_SUSPICIOUS_MOVE = YES;
				CLANG_WARN_UNGUARDED_AVAILABILITY = YES_AGGRESSIVE;
				CLANG_WARN_UNREACHABLE_CODE = YES;
				CLANG_WARN__DUPLICATE_METHOD_MATCH = YES;
				COPY_PHASE_STRIP = NO;
				DEBUG_INFORMATION_FORMAT = dwarf;
				ENABLE_STRICT_OBJC_MSGSEND = YES;
				ENABLE_TESTABILITY = YES;
				ENABLE_USER_SCRIPT_SANDBOXING = YES;
				GCC_C_LANGUAGE_STANDARD = gnu17;
				GCC_DYNAMIC_NO_PIC = NO;
				GCC_NO_COMMON_BLOCKS = YES;
				GCC_OPTIMIZATION_LEVEL = 0;
				GCC_PREPROCESSOR_DEFINITIONS = (
					"DEBUG=1",
					"$(inherited)",
				);
				GCC_WARN_64_TO_32_BIT_CONVERSION = YES;
				GCC_WARN_ABOUT_RETURN_TYPE = YES_ERROR;
				GCC_WARN_UNDECLARED_SELECTOR = YES;
				GCC_WARN_UNINITIALIZED_AUTOS = YES_AGGRESSIVE;
				GCC_WARN_UNUSED_FUNCTION = YES;
				GCC_WARN_UNUSED_VARIABLE = YES;
				IPHONEOS_DEPLOYMENT_TARGET = 17.0;
				LOCALIZATION_PREFERS_STRING_CATALOGS = YES;
				MTL_ENABLE_DEBUG_INFO = INCLUDE_SOURCE;
				MTL_FAST_MATH = YES;
				ONLY_ACTIVE_ARCH = YES;
				SDKROOT = iphoneos;
				SWIFT_ACTIVE_COMPILATION_CONDITIONS = "DEBUG $(inherited)";
				SWIFT_OPTIMIZATION_LEVEL = "-Onone";
			};
			name = Debug;
		};
		1E51F5D42ACEBF9D0018E83B /* Release */ = {
			isa = XCBuildConfiguration;
			buildSettings = {
				ALWAYS_SEARCH_USER_PATHS = NO;
				ASSETCATALOG_COMPILER_GENERATE_SWIFT_ASSET_SYMBOL_EXTENSIONS = YES;
				CLANG_ANALYZER_NONNULL = YES;
				CLANG_ANALYZER_NUMBER_OBJECT_CONVERSION = YES_AGGRESSIVE;
				CLANG_CXX_LANGUAGE_STANDARD = "gnu++20";
				CLANG_ENABLE_MODULES = YES;
				CLANG_ENABLE_OBJC_ARC = YES;
				CLANG_ENABLE_OBJC_WEAK = YES;
				CLANG_WARN_BLOCK_CAPTURE_AUTORELEASING = YES;
				CLANG_WARN_BOOL_CONVERSION = YES;
				CLANG_WARN_COMMA = YES;
				CLANG_WARN_CONSTANT_CONVERSION = YES;
				CLANG_WARN_DEPRECATED_OBJC_IMPLEMENTATIONS = YES;
				CLANG_WARN_DIRECT_OBJC_ISA_USAGE = YES_ERROR;
				CLANG_WARN_DOCUMENTATION_COMMENTS = YES;
				CLANG_WARN_EMPTY_BODY = YES;
				CLANG_WARN_ENUM_CONVERSION = YES;
				CLANG_WARN_INFINITE_RECURSION = YES;
				CLANG_WARN_INT_CONVERSION = YES;
				CLANG_WARN_NON_LITERAL_NULL_CONVERSION = YES;
				CLANG_WARN_OBJC_IMPLICIT_RETAIN_SELF = YES;
				CLANG_WARN_OBJC_LITERAL_CONVERSION = YES;
				CLANG_WARN_OBJC_ROOT_CLASS = YES_ERROR;
				CLANG_WARN_QUOTED_INCLUDE_IN_FRAMEWORK_HEADER = YES;
				CLANG_WARN_RANGE_LOOP_ANALYSIS = YES;
				CLANG_WARN_STRICT_PROTOTYPES = YES;
				CLANG_WARN_SUSPICIOUS_MOVE = YES;
				CLANG_WARN_UNGUARDED_AVAILABILITY = YES_AGGRESSIVE;
				CLANG_WARN_UNREACHABLE_CODE = YES;
				CLANG_WARN__DUPLICATE_METHOD_MATCH = YES;
				COPY_PHASE_STRIP = NO;
				DEBUG_INFORMATION_FORMAT = "dwarf-with-dsym";
				ENABLE_NS_ASSERTIONS = NO;
				ENABLE_STRICT_OBJC_MSGSEND = YES;
				ENABLE_USER_SCRIPT_SANDBOXING = YES;
				GCC_C_LANGUAGE_STANDARD = gnu17;
				GCC_NO_COMMON_BLOCKS = YES;
				GCC_WARN_64_TO_32_BIT_CONVERSION = YES;
				GCC_WARN_ABOUT_RETURN_TYPE = YES_ERROR;
				GCC_WARN_UNDECLARED_SELECTOR = YES;
				GCC_WARN_UNINITIALIZED_AUTOS = YES_AGGRESSIVE;
				GCC_WARN_UNUSED_FUNCTION = YES;
				GCC_WARN_UNUSED_VARIABLE = YES;
				IPHONEOS_DEPLOYMENT_TARGET = 17.0;
				LOCALIZATION_PREFERS_STRING_CATALOGS = YES;
				MTL_ENABLE_DEBUG_INFO = NO;
				MTL_FAST_MATH = YES;
				SDKROOT = iphoneos;
				SWIFT_COMPILATION_MODE = wholemodule;
				VALIDATE_PRODUCT = YES;
			};
			name = Release;
		};
		1E51F5D62ACEBF9D0018E83B /* Debug */ = {
			isa = XCBuildConfiguration;
			buildSettings = {
				ASSETCATALOG_COMPILER_APPICON_NAME = AppIcon;
				ASSETCATALOG_COMPILER_GLOBAL_ACCENT_COLOR_NAME = AccentColor;
				CODE_SIGN_STYLE = Automatic;
				CURRENT_PROJECT_VERSION = 1;
				DEVELOPMENT_ASSET_PATHS = "\"water tracker/Preview Content\"";
				ENABLE_PREVIEWS = YES;
				GENERATE_INFOPLIST_FILE = YES;
				INFOPLIST_KEY_UIApplicationSceneManifest_Generation = YES;
				INFOPLIST_KEY_UIApplicationSupportsIndirectInputEvents = YES;
				INFOPLIST_KEY_UILaunchScreen_Generation = YES;
				INFOPLIST_KEY_UISupportedInterfaceOrientations_iPad = "UIInterfaceOrientationPortrait UIInterfaceOrientationPortraitUpsideDown UIInterfaceOrientationLandscapeLeft UIInterfaceOrientationLandscapeRight";
				INFOPLIST_KEY_UISupportedInterfaceOrientations_iPhone = "UIInterfaceOrientationPortrait UIInterfaceOrientationLandscapeLeft UIInterfaceOrientationLandscapeRight";
				LD_RUNPATH_SEARCH_PATHS = (
					"$(inherited)",
					"@executable_path/Frameworks",
				);
				MARKETING_VERSION = 1.0;
				PRODUCT_BUNDLE_IDENTIFIER = "w.water-tracker";
				PRODUCT_NAME = "$(TARGET_NAME)";
				SWIFT_EMIT_LOC_STRINGS = YES;
				SWIFT_VERSION = 5.0;
				TARGETED_DEVICE_FAMILY = "1,2";
			};
			name = Debug;
		};
		1E51F5D72ACEBF9D0018E83B /* Release */ = {
			isa = XCBuildConfiguration;
			buildSettings = {
				ASSETCATALOG_COMPILER_APPICON_NAME = AppIcon;
				ASSETCATALOG_COMPILER_GLOBAL_ACCENT_COLOR_NAME = AccentColor;
				CODE_SIGN_STYLE = Automatic;
				CURRENT_PROJECT_VERSION = 1;
				DEVELOPMENT_ASSET_PATHS = "\"water tracker/Preview Content\"";
				ENABLE_PREVIEWS = YES;
				GENERATE_INFOPLIST_FILE = YES;
				INFOPLIST_KEY_UIApplicationSceneManifest_Generation = YES;
				INFOPLIST_KEY_UIApplicationSupportsIndirectInputEvents = YES;
				INFOPLIST_KEY_UILaunchScreen_Generation = YES;
				INFOPLIST_KEY_UISupportedInterfaceOrientations_iPad = "UIInterfaceOrientationPortrait UIInterfaceOrientationPortraitUpsideDown UIInterfaceOrientationLandscapeLeft UIInterfaceOrientationLandscapeRight";
				INFOPLIST_KEY_UISupportedInterfaceOrientations_iPhone = "UIInterfaceOrientationPortrait UIInterfaceOrientationLandscapeLeft UIInterfaceOrientationLandscapeRight";
				LD_RUNPATH_SEARCH_PATHS = (
					"$(inherited)",
					"@executable_path/Frameworks",
				);
				MARKETING_VERSION = 1.0;
				PRODUCT_BUNDLE_IDENTIFIER = "w.water-tracker";
				PRODUCT_NAME = "$(TARGET_NAME)";
				SWIFT_EMIT_LOC_STRINGS = YES;
				SWIFT_VERSION = 5.0;
				TARGETED_DEVICE_FAMILY = "1,2";
			};
			name = Release;
		};
		1E51F5D92ACEBF9D0018E83B /* Debug */ = {
			isa = XCBuildConfiguration;
			buildSettings = {
				ALWAYS_EMBED_SWIFT_STANDARD_LIBRARIES = YES;
				BUNDLE_LOADER = "$(TEST_HOST)";
				CODE_SIGN_STYLE = Automatic;
				CURRENT_PROJECT_VERSION = 1;
				GENERATE_INFOPLIST_FILE = YES;
				IPHONEOS_DEPLOYMENT_TARGET = 17.0;
				MARKETING_VERSION = 1.0;
				PRODUCT_BUNDLE_IDENTIFIER = "w.water-trackerTests";
				PRODUCT_NAME = "$(TARGET_NAME)";
				SWIFT_EMIT_LOC_STRINGS = NO;
				SWIFT_VERSION = 5.0;
				TARGETED_DEVICE_FAMILY = "1,2";
				TEST_HOST = "$(BUILT_PRODUCTS_DIR)/water tracker.app/$(BUNDLE_EXECUTABLE_FOLDER_PATH)/water tracker";
			};
			name = Debug;
		};
		1E51F5DA2ACEBF9D0018E83B /* Release */ = {
			isa = XCBuildConfiguration;
			buildSettings = {
				ALWAYS_EMBED_SWIFT_STANDARD_LIBRARIES = YES;
				BUNDLE_LOADER = "$(TEST_HOST)";
				CODE_SIGN_STYLE = Automatic;
				CURRENT_PROJECT_VERSION = 1;
				GENERATE_INFOPLIST_FILE = YES;
				IPHONEOS_DEPLOYMENT_TARGET = 17.0;
				MARKETING_VERSION = 1.0;
				PRODUCT_BUNDLE_IDENTIFIER = "w.water-trackerTests";
				PRODUCT_NAME = "$(TARGET_NAME)";
				SWIFT_EMIT_LOC_STRINGS = NO;
				SWIFT_VERSION = 5.0;
				TARGETED_DEVICE_FAMILY = "1,2";
				TEST_HOST = "$(BUILT_PRODUCTS_DIR)/water tracker.app/$(BUNDLE_EXECUTABLE_FOLDER_PATH)/water tracker";
			};
			name = Release;
		};
		1E51F5DC2ACEBF9D0018E83B /* Debug */ = {
			isa = XCBuildConfiguration;
			buildSettings = {
				ALWAYS_EMBED_SWIFT_STANDARD_LIBRARIES = YES;
				CODE_SIGN_STYLE = Automatic;
				CURRENT_PROJECT_VERSION = 1;
				GENERATE_INFOPLIST_FILE = YES;
				MARKETING_VERSION = 1.0;
				PRODUCT_BUNDLE_IDENTIFIER = "w.water-trackerUITests";
				PRODUCT_NAME = "$(TARGET_NAME)";
				SWIFT_EMIT_LOC_STRINGS = NO;
				SWIFT_VERSION = 5.0;
				TARGETED_DEVICE_FAMILY = "1,2";
				TEST_TARGET_NAME = "water tracker";
			};
			name = Debug;
		};
		1E51F5DD2ACEBF9D0018E83B /* Release */ = {
			isa = XCBuildConfiguration;
			buildSettings = {
				ALWAYS_EMBED_SWIFT_STANDARD_LIBRARIES = YES;
				CODE_SIGN_STYLE = Automatic;
				CURRENT_PROJECT_VERSION = 1;
				GENERATE_INFOPLIST_FILE = YES;
				MARKETING_VERSION = 1.0;
				PRODUCT_BUNDLE_IDENTIFIER = "w.water-trackerUITests";
				PRODUCT_NAME = "$(TARGET_NAME)";
				SWIFT_EMIT_LOC_STRINGS = NO;
				SWIFT_VERSION = 5.0;
				TARGETED_DEVICE_FAMILY = "1,2";
				TEST_TARGET_NAME = "water tracker";
			};
			name = Release;
		};
/* End XCBuildConfiguration section */

/* Begin XCConfigurationList section */
		1E51F5AC2ACEBF9B0018E83B /* Build configuration list for PBXProject "water tracker" */ = {
			isa = XCConfigurationList;
			buildConfigurations = (
				1E51F5D32ACEBF9D0018E83B /* Debug */,
				1E51F5D42ACEBF9D0018E83B /* Release */,
			);
			defaultConfigurationIsVisible = 0;
			defaultConfigurationName = Release;
		};
		1E51F5D52ACEBF9D0018E83B /* Build configuration list for PBXNativeTarget "water tracker" */ = {
			isa = XCConfigurationList;
			buildConfigurations = (
				1E51F5D62ACEBF9D0018E83B /* Debug */,
				1E51F5D72ACEBF9D0018E83B /* Release */,
			);
			defaultConfigurationIsVisible = 0;
			defaultConfigurationName = Release;
		};
		1E51F5D82ACEBF9D0018E83B /* Build configuration list for PBXNativeTarget "water trackerTests" */ = {
			isa = XCConfigurationList;
			buildConfigurations = (
				1E51F5D92ACEBF9D0018E83B /* Debug */,
				1E51F5DA2ACEBF9D0018E83B /* Release */,
			);
			defaultConfigurationIsVisible = 0;
			defaultConfigurationName = Release;
		};
		1E51F5DB2ACEBF9D0018E83B /* Build configuration list for PBXNativeTarget "water trackerUITests" */ = {
			isa = XCConfigurationList;
			buildConfigurations = (
				1E51F5DC2ACEBF9D0018E83B /* Debug */,
				1E51F5DD2ACEBF9D0018E83B /* Release */,
			);
			defaultConfigurationIsVisible = 0;
			defaultConfigurationName = Release;
		};
/* End XCConfigurationList section */
	};
	rootObject = 1E51F5A92ACEBF9B0018E83B /* Project object */;
}
